
Microsoft Visual Studio Solution File, Format Version 12.00
# Visual Studio 15
Project("{FAE04EC0-301F-11D3-BF4B-00C04F79EFBC}") = "VRM10.Tests", "VRM10.Tests.csproj", "{AA75584D-FB35-DBA3-AA4E-7D85CF012FDF}"
EndProject
Project("{FAE04EC0-301F-11D3-BF4B-00C04F79EFBC}") = "XCharts.Editor", "XCharts.Editor.csproj", "{E3948525-E483-52D7-F10A-6DE2C6A08695}"
EndProject
Project("{FAE04EC0-301F-11D3-BF4B-00C04F79EFBC}") = "UniHumanoid", "UniHumanoid.csproj", "{DBD77E68-3F36-BAF4-F672-17E70B6F6269}"
EndProject
Project("{FAE04EC0-301F-11D3-BF4B-00C04F79EFBC}") = "VRM10.Editor", "VRM10.Editor.csproj", "{EB4F797D-1EF2-183A-F9D1-88D3AFC68CC2}"
EndProject
Project("{FAE04EC0-301F-11D3-BF4B-00C04F79EFBC}") = "XCharts.Runtime", "XCharts.Runtime.csproj", "{E46D776C-AF57-B8D7-E24B-5FD7FBA1AE80}"
EndProject
Project("{FAE04EC0-301F-11D3-BF4B-00C04F79EFBC}") = "UniGLTF.Editor", "UniGLTF.Editor.csproj", "{47083292-E6AE-8487-9ECE-07F1A3075828}"
EndProject
Project("{FAE04EC0-301F-11D3-BF4B-00C04F79EFBC}") = "UniGLTF", "UniGLTF.csproj", "{ED03DC08-A439-E064-B641-34F330614EA9}"
EndProject
Project("{FAE04EC0-301F-11D3-BF4B-00C04F79EFBC}") = "VRM10", "VRM10.csproj", "{234377D1-529E-BF5E-037C-952825EC6269}"
EndProject
Project("{FAE04EC0-301F-11D3-BF4B-00C04F79EFBC}") = "VRM10.MToon10", "VRM10.MToon10.csproj", "{8C004071-583E-D463-D2CA-0688ABCD69A7}"
EndProject
Project("{FAE04EC0-301F-11D3-BF4B-00C04F79EFBC}") = "UniGLTF.Tests", "UniGLTF.Tests.csproj", "{FC41BAFD-C805-0FC6-A180-D0C97FC0CF82}"
EndProject
Project("{FAE04EC0-301F-11D3-BF4B-00C04F79EFBC}") = "Mediapipe.Runtime", "Mediapipe.Runtime.csproj", "{E8C4409E-4610-D17A-FF00-396D408DE7AF}"
EndProject
Project("{FAE04EC0-301F-11D3-BF4B-00C04F79EFBC}") = "Mediapipe.Tests.EditMode", "Mediapipe.Tests.EditMode.csproj", "{F277EFBA-E1F7-F49F-1732-1B67B0E21CFD}"
EndProject
Project("{FAE04EC0-301F-11D3-BF4B-00C04F79EFBC}") = "Assembly-CSharp", "Assembly-CSharp.csproj", "{B892753B-6FB4-4975-2D9C-A0914209A633}"
EndProject
Project("{FAE04EC0-301F-11D3-BF4B-00C04F79EFBC}") = "XCharts.Examples", "XCharts.Examples.csproj", "{807E7AB8-5C07-4BDF-8E96-998C7239E72B}"
EndProject
Project("{FAE04EC0-301F-11D3-BF4B-00C04F79EFBC}") = "VrmLib", "VrmLib.csproj", "{DCE06C9B-7342-4C54-8D84-FA56105EF434}"
EndProject
Project("{FAE04EC0-301F-11D3-BF4B-00C04F79EFBC}") = "SpringBoneJobs", "SpringBoneJobs.csproj", "{C187EAE7-BA44-0607-A8B8-464C8BBFDC7F}"
EndProject
Project("{FAE04EC0-301F-11D3-BF4B-00C04F79EFBC}") = "VrmLibTests", "VrmLibTests.csproj", "{3329F9E0-3BE8-6610-C351-7DCEDD0B60D5}"
EndProject
Project("{FAE04EC0-301F-11D3-BF4B-00C04F79EFBC}") = "UniGLTF.UniUnlit", "UniGLTF.UniUnlit.csproj", "{31CC7FD8-22D0-8432-F544-7F620746D04A}"
EndProject
Project("{FAE04EC0-301F-11D3-BF4B-00C04F79EFBC}") = "UniGLTF.UniUnlit.Editor", "UniGLTF.UniUnlit.Editor.csproj", "{615B79A2-147A-0A05-9856-4BD79430E716}"
EndProject
Project("{FAE04EC0-301F-11D3-BF4B-00C04F79EFBC}") = "Unity.XR.Interaction.Toolkit.Samples.StarterAssets", "Unity.XR.Interaction.Toolkit.Samples.StarterAssets.csproj", "{D3E7E7D6-F3C5-38D9-9A8C-1E86AFDEF70E}"
EndProject
Project("{FAE04EC0-301F-11D3-BF4B-00C04F79EFBC}") = "Unity.XR.Interaction.Toolkit.Samples.ARStarterAssets", "Unity.XR.Interaction.Toolkit.Samples.ARStarterAssets.csproj", "{09BAD89B-2A7D-6A8E-02ED-E6320149E57C}"
EndProject
Project("{FAE04EC0-301F-11D3-BF4B-00C04F79EFBC}") = "UniGLTF.Utils", "UniGLTF.Utils.csproj", "{6FCA7FD3-B92F-A66E-B0B1-8FC4EBF595DA}"
EndProject
Project("{FAE04EC0-301F-11D3-BF4B-00C04F79EFBC}") = "VRM10.MToon10.Tests", "VRM10.MToon10.Tests.csproj", "{1B78FB5D-6D41-7D07-8319-3E7128FD497F}"
EndProject
Project("{FAE04EC0-301F-11D3-BF4B-00C04F79EFBC}") = "VRM10.MToon10.Editor", "VRM10.MToon10.Editor.csproj", "{B18149B7-54F3-D023-6657-943D5A48B4C5}"
EndProject
Project("{FAE04EC0-301F-11D3-BF4B-00C04F79EFBC}") = "Unity.XR.Interaction.Toolkit.Samples.StarterAssets.Editor", "Unity.XR.Interaction.Toolkit.Samples.StarterAssets.Editor.csproj", "{80AE6D9E-68F7-8DCE-1145-4B260242FF24}"
EndProject
Project("{FAE04EC0-301F-11D3-BF4B-00C04F79EFBC}") = "UniHumanoid.Editor", "UniHumanoid.Editor.csproj", "{F1938A6F-A6F2-4994-9237-939CAB16D140}"
EndProject
Project("{FAE04EC0-301F-11D3-BF4B-00C04F79EFBC}") = "Unity.XR.Interaction.Toolkit.Samples.ARStarterAssets.Editor", "Unity.XR.Interaction.Toolkit.Samples.ARStarterAssets.Editor.csproj", "{FEEDAE13-2325-C012-45B7-5C0810B154E3}"
EndProject
Project("{FAE04EC0-301F-11D3-BF4B-00C04F79EFBC}") = "FastSpringBone10", "FastSpringBone10.csproj", "{BD0EBAB3-BDA7-129D-83D2-60AA48E13DAF}"
EndProject
Project("{FAE04EC0-301F-11D3-BF4B-00C04F79EFBC}") = "UniHumanoid.Editor.Tests", "UniHumanoid.Editor.Tests.csproj", "{CBD51F56-77B0-D19A-14F4-44CA1C7D28B6}"
EndProject
Global
	GlobalSection(SolutionConfigurationPlatforms) = preSolution
		Debug|Any CPU = Debug|Any CPU
		Release|Any CPU = Release|Any CPU
	EndGlobalSection
	GlobalSection(ProjectConfigurationPlatforms) = postSolution
		{AA75584D-FB35-DBA3-AA4E-7D85CF012FDF}.Debug|Any CPU.ActiveCfg = Debug|Any CPU
		{AA75584D-FB35-DBA3-AA4E-7D85CF012FDF}.Debug|Any CPU.Build.0 = Debug|Any CPU
		{AA75584D-FB35-DBA3-AA4E-7D85CF012FDF}.Release|Any CPU.ActiveCfg = Release|Any CPU
		{AA75584D-FB35-DBA3-AA4E-7D85CF012FDF}.Release|Any CPU.Build.0 = Release|Any CPU
		{E3948525-E483-52D7-F10A-6DE2C6A08695}.Debug|Any CPU.ActiveCfg = Debug|Any CPU
		{E3948525-E483-52D7-F10A-6DE2C6A08695}.Debug|Any CPU.Build.0 = Debug|Any CPU
		{E3948525-E483-52D7-F10A-6DE2C6A08695}.Release|Any CPU.ActiveCfg = Release|Any CPU
		{E3948525-E483-52D7-F10A-6DE2C6A08695}.Release|Any CPU.Build.0 = Release|Any CPU
		{DBD77E68-3F36-BAF4-F672-17E70B6F6269}.Debug|Any CPU.ActiveCfg = Debug|Any CPU
		{DBD77E68-3F36-BAF4-F672-17E70B6F6269}.Debug|Any CPU.Build.0 = Debug|Any CPU
		{DBD77E68-3F36-BAF4-F672-17E70B6F6269}.Release|Any CPU.ActiveCfg = Release|Any CPU
		{DBD77E68-3F36-BAF4-F672-17E70B6F6269}.Release|Any CPU.Build.0 = Release|Any CPU
		{EB4F797D-1EF2-183A-F9D1-88D3AFC68CC2}.Debug|Any CPU.ActiveCfg = Debug|Any CPU
		{EB4F797D-1EF2-183A-F9D1-88D3AFC68CC2}.Debug|Any CPU.Build.0 = Debug|Any CPU
		{EB4F797D-1EF2-183A-F9D1-88D3AFC68CC2}.Release|Any CPU.ActiveCfg = Release|Any CPU
		{EB4F797D-1EF2-183A-F9D1-88D3AFC68CC2}.Release|Any CPU.Build.0 = Release|Any CPU
		{E46D776C-AF57-B8D7-E24B-5FD7FBA1AE80}.Debug|Any CPU.ActiveCfg = Debug|Any CPU
		{E46D776C-AF57-B8D7-E24B-5FD7FBA1AE80}.Debug|Any CPU.Build.0 = Debug|Any CPU
		{E46D776C-AF57-B8D7-E24B-5FD7FBA1AE80}.Release|Any CPU.ActiveCfg = Release|Any CPU
		{E46D776C-AF57-B8D7-E24B-5FD7FBA1AE80}.Release|Any CPU.Build.0 = Release|Any CPU
		{47083292-E6AE-8487-9ECE-07F1A3075828}.Debug|Any CPU.ActiveCfg = Debug|Any CPU
		{47083292-E6AE-8487-9ECE-07F1A3075828}.Debug|Any CPU.Build.0 = Debug|Any CPU
		{47083292-E6AE-8487-9ECE-07F1A3075828}.Release|Any CPU.ActiveCfg = Release|Any CPU
		{47083292-E6AE-8487-9ECE-07F1A3075828}.Release|Any CPU.Build.0 = Release|Any CPU
		{ED03DC08-A439-E064-B641-34F330614EA9}.Debug|Any CPU.ActiveCfg = Debug|Any CPU
		{ED03DC08-A439-E064-B641-34F330614EA9}.Debug|Any CPU.Build.0 = Debug|Any CPU
		{ED03DC08-A439-E064-B641-34F330614EA9}.Release|Any CPU.ActiveCfg = Release|Any CPU
		{ED03DC08-A439-E064-B641-34F330614EA9}.Release|Any CPU.Build.0 = Release|Any CPU
		{234377D1-529E-BF5E-037C-952825EC6269}.Debug|Any CPU.ActiveCfg = Debug|Any CPU
		{234377D1-529E-BF5E-037C-952825EC6269}.Debug|Any CPU.Build.0 = Debug|Any CPU
		{234377D1-529E-BF5E-037C-952825EC6269}.Release|Any CPU.ActiveCfg = Release|Any CPU
		{234377D1-529E-BF5E-037C-952825EC6269}.Release|Any CPU.Build.0 = Release|Any CPU
		{8C004071-583E-D463-D2CA-0688ABCD69A7}.Debug|Any CPU.ActiveCfg = Debug|Any CPU
		{8C004071-583E-D463-D2CA-0688ABCD69A7}.Debug|Any CPU.Build.0 = Debug|Any CPU
		{8C004071-583E-D463-D2CA-0688ABCD69A7}.Release|Any CPU.ActiveCfg = Release|Any CPU
		{8C004071-583E-D463-D2CA-0688ABCD69A7}.Release|Any CPU.Build.0 = Release|Any CPU
		{FC41BAFD-C805-0FC6-A180-D0C97FC0CF82}.Debug|Any CPU.ActiveCfg = Debug|Any CPU
		{FC41BAFD-C805-0FC6-A180-D0C97FC0CF82}.Debug|Any CPU.Build.0 = Debug|Any CPU
		{FC41BAFD-C805-0FC6-A180-D0C97FC0CF82}.Release|Any CPU.ActiveCfg = Release|Any CPU
		{FC41BAFD-C805-0FC6-A180-D0C97FC0CF82}.Release|Any CPU.Build.0 = Release|Any CPU
		{E8C4409E-4610-D17A-FF00-396D408DE7AF}.Debug|Any CPU.ActiveCfg = Debug|Any CPU
		{E8C4409E-4610-D17A-FF00-396D408DE7AF}.Debug|Any CPU.Build.0 = Debug|Any CPU
		{E8C4409E-4610-D17A-FF00-396D408DE7AF}.Release|Any CPU.ActiveCfg = Release|Any CPU
		{E8C4409E-4610-D17A-FF00-396D408DE7AF}.Release|Any CPU.Build.0 = Release|Any CPU
		{F277EFBA-E1F7-F49F-1732-1B67B0E21CFD}.Debug|Any CPU.ActiveCfg = Debug|Any CPU
		{F277EFBA-E1F7-F49F-1732-1B67B0E21CFD}.Debug|Any CPU.Build.0 = Debug|Any CPU
		{F277EFBA-E1F7-F49F-1732-1B67B0E21CFD}.Release|Any CPU.ActiveCfg = Release|Any CPU
		{F277EFBA-E1F7-F49F-1732-1B67B0E21CFD}.Release|Any CPU.Build.0 = Release|Any CPU
		{B892753B-6FB4-4975-2D9C-A0914209A633}.Debug|Any CPU.ActiveCfg = Debug|Any CPU
		{B892753B-6FB4-4975-2D9C-A0914209A633}.Debug|Any CPU.Build.0 = Debug|Any CPU
		{B892753B-6FB4-4975-2D9C-A0914209A633}.Release|Any CPU.ActiveCfg = Release|Any CPU
		{B892753B-6FB4-4975-2D9C-A0914209A633}.Release|Any CPU.Build.0 = Release|Any CPU
		{807E7AB8-5C07-4BDF-8E96-998C7239E72B}.Debug|Any CPU.ActiveCfg = Debug|Any CPU
		{807E7AB8-5C07-4BDF-8E96-998C7239E72B}.Debug|Any CPU.Build.0 = Debug|Any CPU
		{807E7AB8-5C07-4BDF-8E96-998C7239E72B}.Release|Any CPU.ActiveCfg = Release|Any CPU
		{807E7AB8-5C07-4BDF-8E96-998C7239E72B}.Release|Any CPU.Build.0 = Release|Any CPU
		{DCE06C9B-7342-4C54-8D84-FA56105EF434}.Debug|Any CPU.ActiveCfg = Debug|Any CPU
		{DCE06C9B-7342-4C54-8D84-FA56105EF434}.Debug|Any CPU.Build.0 = Debug|Any CPU
		{DCE06C9B-7342-4C54-8D84-FA56105EF434}.Release|Any CPU.ActiveCfg = Release|Any CPU
		{DCE06C9B-7342-4C54-8D84-FA56105EF434}.Release|Any CPU.Build.0 = Release|Any CPU
		{C187EAE7-BA44-0607-A8B8-464C8BBFDC7F}.Debug|Any CPU.ActiveCfg = Debug|Any CPU
		{C187EAE7-BA44-0607-A8B8-464C8BBFDC7F}.Debug|Any CPU.Build.0 = Debug|Any CPU
		{C187EAE7-BA44-0607-A8B8-464C8BBFDC7F}.Release|Any CPU.ActiveCfg = Release|Any CPU
		{C187EAE7-BA44-0607-A8B8-464C8BBFDC7F}.Release|Any CPU.Build.0 = Release|Any CPU
		{3329F9E0-3BE8-6610-C351-7DCEDD0B60D5}.Debug|Any CPU.ActiveCfg = Debug|Any CPU
		{3329F9E0-3BE8-6610-C351-7DCEDD0B60D5}.Debug|Any CPU.Build.0 = Debug|Any CPU
		{3329F9E0-3BE8-6610-C351-7DCEDD0B60D5}.Release|Any CPU.ActiveCfg = Release|Any CPU
		{3329F9E0-3BE8-6610-C351-7DCEDD0B60D5}.Release|Any CPU.Build.0 = Release|Any CPU
		{31CC7FD8-22D0-8432-F544-7F620746D04A}.Debug|Any CPU.ActiveCfg = Debug|Any CPU
		{31CC7FD8-22D0-8432-F544-7F620746D04A}.Debug|Any CPU.Build.0 = Debug|Any CPU
		{31CC7FD8-22D0-8432-F544-7F620746D04A}.Release|Any CPU.ActiveCfg = Release|Any CPU
		{31CC7FD8-22D0-8432-F544-7F620746D04A}.Release|Any CPU.Build.0 = Release|Any CPU
		{615B79A2-147A-0A05-9856-4BD79430E716}.Debug|Any CPU.ActiveCfg = Debug|Any CPU
		{615B79A2-147A-0A05-9856-4BD79430E716}.Debug|Any CPU.Build.0 = Debug|Any CPU
		{615B79A2-147A-0A05-9856-4BD79430E716}.Release|Any CPU.ActiveCfg = Release|Any CPU
		{615B79A2-147A-0A05-9856-4BD79430E716}.Release|Any CPU.Build.0 = Release|Any CPU
		{D3E7E7D6-F3C5-38D9-9A8C-1E86AFDEF70E}.Debug|Any CPU.ActiveCfg = Debug|Any CPU
		{D3E7E7D6-F3C5-38D9-9A8C-1E86AFDEF70E}.Debug|Any CPU.Build.0 = Debug|Any CPU
		{D3E7E7D6-F3C5-38D9-9A8C-1E86AFDEF70E}.Release|Any CPU.ActiveCfg = Release|Any CPU
		{D3E7E7D6-F3C5-38D9-9A8C-1E86AFDEF70E}.Release|Any CPU.Build.0 = Release|Any CPU
		{09BAD89B-2A7D-6A8E-02ED-E6320149E57C}.Debug|Any CPU.ActiveCfg = Debug|Any CPU
		{09BAD89B-2A7D-6A8E-02ED-E6320149E57C}.Debug|Any CPU.Build.0 = Debug|Any CPU
		{09BAD89B-2A7D-6A8E-02ED-E6320149E57C}.Release|Any CPU.ActiveCfg = Release|Any CPU
		{09BAD89B-2A7D-6A8E-02ED-E6320149E57C}.Release|Any CPU.Build.0 = Release|Any CPU
		{6FCA7FD3-B92F-A66E-B0B1-8FC4EBF595DA}.Debug|Any CPU.ActiveCfg = Debug|Any CPU
		{6FCA7FD3-B92F-A66E-B0B1-8FC4EBF595DA}.Debug|Any CPU.Build.0 = Debug|Any CPU
		{6FCA7FD3-B92F-A66E-B0B1-8FC4EBF595DA}.Release|Any CPU.ActiveCfg = Release|Any CPU
		{6FCA7FD3-B92F-A66E-B0B1-8FC4EBF595DA}.Release|Any CPU.Build.0 = Release|Any CPU
		{1B78FB5D-6D41-7D07-8319-3E7128FD497F}.Debug|Any CPU.ActiveCfg = Debug|Any CPU
		{1B78FB5D-6D41-7D07-8319-3E7128FD497F}.Debug|Any CPU.Build.0 = Debug|Any CPU
		{1B78FB5D-6D41-7D07-8319-3E7128FD497F}.Release|Any CPU.ActiveCfg = Release|Any CPU
		{1B78FB5D-6D41-7D07-8319-3E7128FD497F}.Release|Any CPU.Build.0 = Release|Any CPU
		{B18149B7-54F3-D023-6657-943D5A48B4C5}.Debug|Any CPU.ActiveCfg = Debug|Any CPU
		{B18149B7-54F3-D023-6657-943D5A48B4C5}.Debug|Any CPU.Build.0 = Debug|Any CPU
		{B18149B7-54F3-D023-6657-943D5A48B4C5}.Release|Any CPU.ActiveCfg = Release|Any CPU
		{B18149B7-54F3-D023-6657-943D5A48B4C5}.Release|Any CPU.Build.0 = Release|Any CPU
		{80AE6D9E-68F7-8DCE-1145-4B260242FF24}.Debug|Any CPU.ActiveCfg = Debug|Any CPU
		{80AE6D9E-68F7-8DCE-1145-4B260242FF24}.Debug|Any CPU.Build.0 = Debug|Any CPU
		{80AE6D9E-68F7-8DCE-1145-4B260242FF24}.Release|Any CPU.ActiveCfg = Release|Any CPU
		{80AE6D9E-68F7-8DCE-1145-4B260242FF24}.Release|Any CPU.Build.0 = Release|Any CPU
		{F1938A6F-A6F2-4994-9237-939CAB16D140}.Debug|Any CPU.ActiveCfg = Debug|Any CPU
		{F1938A6F-A6F2-4994-9237-939CAB16D140}.Debug|Any CPU.Build.0 = Debug|Any CPU
		{F1938A6F-A6F2-4994-9237-939CAB16D140}.Release|Any CPU.ActiveCfg = Release|Any CPU
		{F1938A6F-A6F2-4994-9237-939CAB16D140}.Release|Any CPU.Build.0 = Release|Any CPU
		{FEEDAE13-2325-C012-45B7-5C0810B154E3}.Debug|Any CPU.ActiveCfg = Debug|Any CPU
		{FEEDAE13-2325-C012-45B7-5C0810B154E3}.Debug|Any CPU.Build.0 = Debug|Any CPU
		{FEEDAE13-2325-C012-45B7-5C0810B154E3}.Release|Any CPU.ActiveCfg = Release|Any CPU
		{FEEDAE13-2325-C012-45B7-5C0810B154E3}.Release|Any CPU.Build.0 = Release|Any CPU
		{BD0EBAB3-BDA7-129D-83D2-60AA48E13DAF}.Debug|Any CPU.ActiveCfg = Debug|Any CPU
		{BD0EBAB3-BDA7-129D-83D2-60AA48E13DAF}.Debug|Any CPU.Build.0 = Debug|Any CPU
		{BD0EBAB3-BDA7-129D-83D2-60AA48E13DAF}.Release|Any CPU.ActiveCfg = Release|Any CPU
		{BD0EBAB3-BDA7-129D-83D2-60AA48E13DAF}.Release|Any CPU.Build.0 = Release|Any CPU
		{CBD51F56-77B0-D19A-14F4-44CA1C7D28B6}.Debug|Any CPU.ActiveCfg = Debug|Any CPU
		{CBD51F56-77B0-D19A-14F4-44CA1C7D28B6}.Debug|Any CPU.Build.0 = Debug|Any CPU
		{CBD51F56-77B0-D19A-14F4-44CA1C7D28B6}.Release|Any CPU.ActiveCfg = Release|Any CPU
		{CBD51F56-77B0-D19A-14F4-44CA1C7D28B6}.Release|Any CPU.Build.0 = Release|Any CPU
	EndGlobalSection
	GlobalSection(SolutionProperties) = preSolution
		HideSolutionNode = FALSE
	EndGlobalSection
EndGlobal
